// !$*UTF8*$!
{
	archiveVersion = 1;
	classes = {
	};
	objectVersion = 56;
	objects = {

/* Begin PBXBuildFile section */
		76123CEEFDE82CEAE87ED11E /* Pods_UberTutorial.framework in Frameworks */ = {isa = PBXBuildFile; fileRef = D3EA5BCCB21214F099CDB2B9 /* Pods_UberTutorial.framework */; };
		D742846829DC7E9D0025124B /* AppDelegate.swift in Sources */ = {isa = PBXBuildFile; fileRef = D742846729DC7E9D0025124B /* AppDelegate.swift */; };
		D742846A29DC7E9D0025124B /* SceneDelegate.swift in Sources */ = {isa = PBXBuildFile; fileRef = D742846929DC7E9D0025124B /* SceneDelegate.swift */; };
		D742846F29DC7E9D0025124B /* Main.storyboard in Resources */ = {isa = PBXBuildFile; fileRef = D742846D29DC7E9D0025124B /* Main.storyboard */; };
		D742847129DC7E9E0025124B /* Assets.xcassets in Resources */ = {isa = PBXBuildFile; fileRef = D742847029DC7E9E0025124B /* Assets.xcassets */; };
		D742847429DC7E9E0025124B /* LaunchScreen.storyboard in Resources */ = {isa = PBXBuildFile; fileRef = D742847229DC7E9E0025124B /* LaunchScreen.storyboard */; };
		D742848129DC7FE00025124B /* LoginController.swift in Sources */ = {isa = PBXBuildFile; fileRef = D742848029DC7FE00025124B /* LoginController.swift */; };
		D742848329DC94300025124B /* Extensions.swift in Sources */ = {isa = PBXBuildFile; fileRef = D742848229DC94300025124B /* Extensions.swift */; };
		D742848529DCC1D90025124B /* SignUpController.swift in Sources */ = {isa = PBXBuildFile; fileRef = D742848429DCC1D90025124B /* SignUpController.swift */; };
		D768AF5A29DF43B900AA2F52 /* GoogleService-Info.plist in Resources */ = {isa = PBXBuildFile; fileRef = D768AF5929DF43B900AA2F52 /* GoogleService-Info.plist */; };
		D76F6F4829DE104700B2A18D /* AuthButton.swift in Sources */ = {isa = PBXBuildFile; fileRef = D76F6F4729DE104700B2A18D /* AuthButton.swift */; };
		D780718F29E0AF9200E87A04 /* HomeController.swift in Sources */ = {isa = PBXBuildFile; fileRef = D780718E29E0AF9200E87A04 /* HomeController.swift */; };
/* End PBXBuildFile section */

/* Begin PBXFileReference section */
		05844AEAC178487F592D7C23 /* Pods-UberTutorial.release.xcconfig */ = {isa = PBXFileReference; includeInIndex = 1; lastKnownFileType = text.xcconfig; name = "Pods-UberTutorial.release.xcconfig"; path = "Target Support Files/Pods-UberTutorial/Pods-UberTutorial.release.xcconfig"; sourceTree = "<group>"; };
		82E82D88DB1C410843331552 /* Pods-UberTutorial.debug.xcconfig */ = {isa = PBXFileReference; includeInIndex = 1; lastKnownFileType = text.xcconfig; name = "Pods-UberTutorial.debug.xcconfig"; path = "Target Support Files/Pods-UberTutorial/Pods-UberTutorial.debug.xcconfig"; sourceTree = "<group>"; };
		D3EA5BCCB21214F099CDB2B9 /* Pods_UberTutorial.framework */ = {isa = PBXFileReference; explicitFileType = wrapper.framework; includeInIndex = 0; path = Pods_UberTutorial.framework; sourceTree = BUILT_PRODUCTS_DIR; };
		D742846429DC7E9D0025124B /* UberTutorial.app */ = {isa = PBXFileReference; explicitFileType = wrapper.application; includeInIndex = 0; path = UberTutorial.app; sourceTree = BUILT_PRODUCTS_DIR; };
		D742846729DC7E9D0025124B /* AppDelegate.swift */ = {isa = PBXFileReference; lastKnownFileType = sourcecode.swift; path = AppDelegate.swift; sourceTree = "<group>"; };
		D742846929DC7E9D0025124B /* SceneDelegate.swift */ = {isa = PBXFileReference; lastKnownFileType = sourcecode.swift; path = SceneDelegate.swift; sourceTree = "<group>"; };
		D742846E29DC7E9D0025124B /* Base */ = {isa = PBXFileReference; lastKnownFileType = file.storyboard; name = Base; path = Base.lproj/Main.storyboard; sourceTree = "<group>"; };
		D742847029DC7E9E0025124B /* Assets.xcassets */ = {isa = PBXFileReference; lastKnownFileType = folder.assetcatalog; path = Assets.xcassets; sourceTree = "<group>"; };
		D742847329DC7E9E0025124B /* Base */ = {isa = PBXFileReference; lastKnownFileType = file.storyboard; name = Base; path = Base.lproj/LaunchScreen.storyboard; sourceTree = "<group>"; };
		D742847529DC7E9E0025124B /* Info.plist */ = {isa = PBXFileReference; lastKnownFileType = text.plist.xml; path = Info.plist; sourceTree = "<group>"; };
		D742848029DC7FE00025124B /* LoginController.swift */ = {isa = PBXFileReference; lastKnownFileType = sourcecode.swift; path = LoginController.swift; sourceTree = "<group>"; };
		D742848229DC94300025124B /* Extensions.swift */ = {isa = PBXFileReference; lastKnownFileType = sourcecode.swift; path = Extensions.swift; sourceTree = "<group>"; };
		D742848429DCC1D90025124B /* SignUpController.swift */ = {isa = PBXFileReference; lastKnownFileType = sourcecode.swift; path = SignUpController.swift; sourceTree = "<group>"; };
		D768AF5929DF43B900AA2F52 /* GoogleService-Info.plist */ = {isa = PBXFileReference; fileEncoding = 4; lastKnownFileType = text.plist.xml; path = "GoogleService-Info.plist"; sourceTree = "<group>"; };
		D76F6F4729DE104700B2A18D /* AuthButton.swift */ = {isa = PBXFileReference; lastKnownFileType = sourcecode.swift; path = AuthButton.swift; sourceTree = "<group>"; };
		D780718E29E0AF9200E87A04 /* HomeController.swift */ = {isa = PBXFileReference; lastKnownFileType = sourcecode.swift; path = HomeController.swift; sourceTree = "<group>"; };
/* End PBXFileReference section */

/* Begin PBXFrameworksBuildPhase section */
		D742846129DC7E9D0025124B /* Frameworks */ = {
			isa = PBXFrameworksBuildPhase;
			buildActionMask = 2147483647;
			files = (
				76123CEEFDE82CEAE87ED11E /* Pods_UberTutorial.framework in Frameworks */,
			);
			runOnlyForDeploymentPostprocessing = 0;
		};
/* End PBXFrameworksBuildPhase section */

/* Begin PBXGroup section */
		1D6C525039F5F5FD51BCE588 /* Frameworks */ = {
			isa = PBXGroup;
			children = (
				D3EA5BCCB21214F099CDB2B9 /* Pods_UberTutorial.framework */,
			);
			name = Frameworks;
			sourceTree = "<group>";
		};
		3C45A8C063AF06639CD79B98 /* Pods */ = {
			isa = PBXGroup;
			children = (
				82E82D88DB1C410843331552 /* Pods-UberTutorial.debug.xcconfig */,
				05844AEAC178487F592D7C23 /* Pods-UberTutorial.release.xcconfig */,
			);
			path = Pods;
			sourceTree = "<group>";
		};
		D742845B29DC7E9D0025124B = {
			isa = PBXGroup;
			children = (
				D768AF5929DF43B900AA2F52 /* GoogleService-Info.plist */,
				D742846629DC7E9D0025124B /* UberTutorial */,
				D742846529DC7E9D0025124B /* Products */,
				3C45A8C063AF06639CD79B98 /* Pods */,
				1D6C525039F5F5FD51BCE588 /* Frameworks */,
			);
			sourceTree = "<group>";
		};
		D742846529DC7E9D0025124B /* Products */ = {
			isa = PBXGroup;
			children = (
				D742846429DC7E9D0025124B /* UberTutorial.app */,
			);
			name = Products;
			sourceTree = "<group>";
		};
		D742846629DC7E9D0025124B /* UberTutorial */ = {
			isa = PBXGroup;
			children = (
				D742847F29DC7F2E0025124B /* Model */,
				D742847E29DC7F2B0025124B /* View */,
				D742847D29DC7F280025124B /* Controller */,
				D742847C29DC7F230025124B /* Service */,
				D742847B29DC7F1B0025124B /* Utils */,
				D742846729DC7E9D0025124B /* AppDelegate.swift */,
				D742846929DC7E9D0025124B /* SceneDelegate.swift */,
				D742846D29DC7E9D0025124B /* Main.storyboard */,
				D742847029DC7E9E0025124B /* Assets.xcassets */,
				D742847229DC7E9E0025124B /* LaunchScreen.storyboard */,
				D742847529DC7E9E0025124B /* Info.plist */,
			);
			path = UberTutorial;
			sourceTree = "<group>";
		};
		D742847B29DC7F1B0025124B /* Utils */ = {
			isa = PBXGroup;
			children = (
				D742848229DC94300025124B /* Extensions.swift */,
			);
			path = Utils;
			sourceTree = "<group>";
		};
		D742847C29DC7F230025124B /* Service */ = {
			isa = PBXGroup;
			children = (
			);
			path = Service;
			sourceTree = "<group>";
		};
		D742847D29DC7F280025124B /* Controller */ = {
			isa = PBXGroup;
			children = (
				D742848029DC7FE00025124B /* LoginController.swift */,
				D742848429DCC1D90025124B /* SignUpController.swift */,
				D780718E29E0AF9200E87A04 /* HomeController.swift */,
			);
			path = Controller;
			sourceTree = "<group>";
		};
		D742847E29DC7F2B0025124B /* View */ = {
			isa = PBXGroup;
			children = (
				D76F6F4729DE104700B2A18D /* AuthButton.swift */,
			);
			path = View;
			sourceTree = "<group>";
		};
		D742847F29DC7F2E0025124B /* Model */ = {
			isa = PBXGroup;
			children = (
			);
			path = Model;
			sourceTree = "<group>";
		};
/* End PBXGroup section */

/* Begin PBXNativeTarget section */
		D742846329DC7E9D0025124B /* UberTutorial */ = {
			isa = PBXNativeTarget;
			buildConfigurationList = D742847829DC7E9E0025124B /* Build configuration list for PBXNativeTarget "UberTutorial" */;
			buildPhases = (
				434FE270612BFF26DDB85ACB /* [CP] Check Pods Manifest.lock */,
				D742846029DC7E9D0025124B /* Sources */,
				D742846129DC7E9D0025124B /* Frameworks */,
				D742846229DC7E9D0025124B /* Resources */,
				75130B28B3613545C604B482 /* [CP] Embed Pods Frameworks */,
			);
			buildRules = (
			);
			dependencies = (
			);
			name = UberTutorial;
			productName = UberTutorial;
			productReference = D742846429DC7E9D0025124B /* UberTutorial.app */;
			productType = "com.apple.product-type.application";
		};
/* End PBXNativeTarget section */

/* Begin PBXProject section */
		D742845C29DC7E9D0025124B /* Project object */ = {
			isa = PBXProject;
			attributes = {
				BuildIndependentTargetsInParallel = 1;
				LastSwiftUpdateCheck = 1430;
				LastUpgradeCheck = 1430;
				TargetAttributes = {
					D742846329DC7E9D0025124B = {
						CreatedOnToolsVersion = 14.3;
					};
				};
			};
			buildConfigurationList = D742845F29DC7E9D0025124B /* Build configuration list for PBXProject "UberTutorial" */;
			compatibilityVersion = "Xcode 14.0";
			developmentRegion = en;
			hasScannedForEncodings = 0;
			knownRegions = (
				en,
				Base,
			);
			mainGroup = D742845B29DC7E9D0025124B;
			productRefGroup = D742846529DC7E9D0025124B /* Products */;
			projectDirPath = "";
			projectRoot = "";
			targets = (
				D742846329DC7E9D0025124B /* UberTutorial */,
			);
		};
/* End PBXProject section */

/* Begin PBXResourcesBuildPhase section */
		D742846229DC7E9D0025124B /* Resources */ = {
			isa = PBXResourcesBuildPhase;
			buildActionMask = 2147483647;
			files = (
				D742847429DC7E9E0025124B /* LaunchScreen.storyboard in Resources */,
				D768AF5A29DF43B900AA2F52 /* GoogleService-Info.plist in Resources */,
				D742847129DC7E9E0025124B /* Assets.xcassets in Resources */,
				D742846F29DC7E9D0025124B /* Main.storyboard in Resources */,
			);
			runOnlyForDeploymentPostprocessing = 0;
		};
/* End PBXResourcesBuildPhase section */

/* Begin PBXShellScriptBuildPhase section */
		434FE270612BFF26DDB85ACB /* [CP] Check Pods Manifest.lock */ = {
			isa = PBXShellScriptBuildPhase;
			buildActionMask = 2147483647;
			files = (
			);
			inputFileListPaths = (
			);
			inputPaths = (
				"${PODS_PODFILE_DIR_PATH}/Podfile.lock",
				"${PODS_ROOT}/Manifest.lock",
			);
			name = "[CP] Check Pods Manifest.lock";
			outputFileListPaths = (
			);
			outputPaths = (
				"$(DERIVED_FILE_DIR)/Pods-UberTutorial-checkManifestLockResult.txt",
			);
			runOnlyForDeploymentPostprocessing = 0;
			shellPath = /bin/sh;
			shellScript = "diff \"${PODS_PODFILE_DIR_PATH}/Podfile.lock\" \"${PODS_ROOT}/Manifest.lock\" > /dev/null\nif [ $? != 0 ] ; then\n    # print error to STDERR\n    echo \"error: The sandbox is not in sync with the Podfile.lock. Run 'pod install' or update your CocoaPods installation.\" >&2\n    exit 1\nfi\n# This output is used by Xcode 'outputs' to avoid re-running this script phase.\necho \"SUCCESS\" > \"${SCRIPT_OUTPUT_FILE_0}\"\n";
			showEnvVarsInLog = 0;
		};
		75130B28B3613545C604B482 /* [CP] Embed Pods Frameworks */ = {
			isa = PBXShellScriptBuildPhase;
			buildActionMask = 2147483647;
			files = (
			);
			inputFileListPaths = (
				"${PODS_ROOT}/Target Support Files/Pods-UberTutorial/Pods-UberTutorial-frameworks-${CONFIGURATION}-input-files.xcfilelist",
			);
			name = "[CP] Embed Pods Frameworks";
			outputFileListPaths = (
				"${PODS_ROOT}/Target Support Files/Pods-UberTutorial/Pods-UberTutorial-frameworks-${CONFIGURATION}-output-files.xcfilelist",
			);
			runOnlyForDeploymentPostprocessing = 0;
			shellPath = /bin/sh;
			shellScript = "\"${PODS_ROOT}/Target Support Files/Pods-UberTutorial/Pods-UberTutorial-frameworks.sh\"\n";
			showEnvVarsInLog = 0;
		};
/* End PBXShellScriptBuildPhase section */

/* Begin PBXSourcesBuildPhase section */
		D742846029DC7E9D0025124B /* Sources */ = {
			isa = PBXSourcesBuildPhase;
			buildActionMask = 2147483647;
			files = (
				D742848529DCC1D90025124B /* SignUpController.swift in Sources */,
				D76F6F4829DE104700B2A18D /* AuthButton.swift in Sources */,
				D780718F29E0AF9200E87A04 /* HomeController.swift in Sources */,
				D742848129DC7FE00025124B /* LoginController.swift in Sources */,
				D742846829DC7E9D0025124B /* AppDelegate.swift in Sources */,
				D742846A29DC7E9D0025124B /* SceneDelegate.swift in Sources */,
				D742848329DC94300025124B /* Extensions.swift in Sources */,
			);
			runOnlyForDeploymentPostprocessing = 0;
		};
/* End PBXSourcesBuildPhase section */

/* Begin PBXVariantGroup section */
		D742846D29DC7E9D0025124B /* Main.storyboard */ = {
			isa = PBXVariantGroup;
			children = (
				D742846E29DC7E9D0025124B /* Base */,
			);
			name = Main.storyboard;
			sourceTree = "<group>";
		};
		D742847229DC7E9E0025124B /* LaunchScreen.storyboard */ = {
			isa = PBXVariantGroup;
			children = (
				D742847329DC7E9E0025124B /* Base */,
			);
			name = LaunchScreen.storyboard;
			sourceTree = "<group>";
		};
/* End PBXVariantGroup section */

/* Begin XCBuildConfiguration section */
		D742847629DC7E9E0025124B /* Debug */ = {
			isa = XCBuildConfiguration;
			buildSettings = {
				ALWAYS_SEARCH_USER_PATHS = NO;
				CLANG_ANALYZER_NONNULL = YES;
				CLANG_ANALYZER_NUMBER_OBJECT_CONVERSION = YES_AGGRESSIVE;
				CLANG_CXX_LANGUAGE_STANDARD = "gnu++20";
				CLANG_ENABLE_MODULES = YES;
				CLANG_ENABLE_OBJC_ARC = YES;
				CLANG_ENABLE_OBJC_WEAK = YES;
				CLANG_WARN_BLOCK_CAPTURE_AUTORELEASING = YES;
				CLANG_WARN_BOOL_CONVERSION = YES;
				CLANG_WARN_COMMA = YES;
				CLANG_WARN_CONSTANT_CONVERSION = YES;
				CLANG_WARN_DEPRECATED_OBJC_IMPLEMENTATIONS = YES;
				CLANG_WARN_DIRECT_OBJC_ISA_USAGE = YES_ERROR;
				CLANG_WARN_DOCUMENTATION_COMMENTS = YES;
				CLANG_WARN_EMPTY_BODY = YES;
				CLANG_WARN_ENUM_CONVERSION = YES;
				CLANG_WARN_INFINITE_RECURSION = YES;
				CLANG_WARN_INT_CONVERSION = YES;
				CLANG_WARN_NON_LITERAL_NULL_CONVERSION = YES;
				CLANG_WARN_OBJC_IMPLICIT_RETAIN_SELF = YES;
				CLANG_WARN_OBJC_LITERAL_CONVERSION = YES;
				CLANG_WARN_OBJC_ROOT_CLASS = YES_ERROR;
				CLANG_WARN_QUOTED_INCLUDE_IN_FRAMEWORK_HEADER = YES;
				CLANG_WARN_RANGE_LOOP_ANALYSIS = YES;
				CLANG_WARN_STRICT_PROTOTYPES = YES;
				CLANG_WARN_SUSPICIOUS_MOVE = YES;
				CLANG_WARN_UNGUARDED_AVAILABILITY = YES_AGGRESSIVE;
				CLANG_WARN_UNREACHABLE_CODE = YES;
				CLANG_WARN__DUPLICATE_METHOD_MATCH = YES;
				COPY_PHASE_STRIP = NO;
				DEBUG_INFORMATION_FORMAT = dwarf;
				ENABLE_STRICT_OBJC_MSGSEND = YES;
				ENABLE_TESTABILITY = YES;
				GCC_C_LANGUAGE_STANDARD = gnu11;
				GCC_DYNAMIC_NO_PIC = NO;
				GCC_NO_COMMON_BLOCKS = YES;
				GCC_OPTIMIZATION_LEVEL = 0;
				GCC_PREPROCESSOR_DEFINITIONS = (
					"DEBUG=1",
					"$(inherited)",
				);
				GCC_WARN_64_TO_32_BIT_CONVERSION = YES;
				GCC_WARN_ABOUT_RETURN_TYPE = YES_ERROR;
				GCC_WARN_UNDECLARED_SELECTOR = YES;
				GCC_WARN_UNINITIALIZED_AUTOS = YES_AGGRESSIVE;
				GCC_WARN_UNUSED_FUNCTION = YES;
				GCC_WARN_UNUSED_VARIABLE = YES;
				IPHONEOS_DEPLOYMENT_TARGET = 16.4;
				MTL_ENABLE_DEBUG_INFO = INCLUDE_SOURCE;
				MTL_FAST_MATH = YES;
				ONLY_ACTIVE_ARCH = YES;
				SDKROOT = iphoneos;
				SWIFT_ACTIVE_COMPILATION_CONDITIONS = DEBUG;
				SWIFT_OPTIMIZATION_LEVEL = "-Onone";
			};
			name = Debug;
		};
		D742847729DC7E9E0025124B /* Release */ = {
			isa = XCBuildConfiguration;
			buildSettings = {
				ALWAYS_SEARCH_USER_PATHS = NO;
				CLANG_ANALYZER_NONNULL = YES;
				CLANG_ANALYZER_NUMBER_OBJECT_CONVERSION = YES_AGGRESSIVE;
				CLANG_CXX_LANGUAGE_STANDARD = "gnu++20";
				CLANG_ENABLE_MODULES = YES;
				CLANG_ENABLE_OBJC_ARC = YES;
				CLANG_ENABLE_OBJC_WEAK = YES;
				CLANG_WARN_BLOCK_CAPTURE_AUTORELEASING = YES;
				CLANG_WARN_BOOL_CONVERSION = YES;
				CLANG_WARN_COMMA = YES;
				CLANG_WARN_CONSTANT_CONVERSION = YES;
				CLANG_WARN_DEPRECATED_OBJC_IMPLEMENTATIONS = YES;
				CLANG_WARN_DIRECT_OBJC_ISA_USAGE = YES_ERROR;
				CLANG_WARN_DOCUMENTATION_COMMENTS = YES;
				CLANG_WARN_EMPTY_BODY = YES;
				CLANG_WARN_ENUM_CONVERSION = YES;
				CLANG_WARN_INFINITE_RECURSION = YES;
				CLANG_WARN_INT_CONVERSION = YES;
				CLANG_WARN_NON_LITERAL_NULL_CONVERSION = YES;
				CLANG_WARN_OBJC_IMPLICIT_RETAIN_SELF = YES;
				CLANG_WARN_OBJC_LITERAL_CONVERSION = YES;
				CLANG_WARN_OBJC_ROOT_CLASS = YES_ERROR;
				CLANG_WARN_QUOTED_INCLUDE_IN_FRAMEWORK_HEADER = YES;
				CLANG_WARN_RANGE_LOOP_ANALYSIS = YES;
				CLANG_WARN_STRICT_PROTOTYPES = YES;
				CLANG_WARN_SUSPICIOUS_MOVE = YES;
				CLANG_WARN_UNGUARDED_AVAILABILITY = YES_AGGRESSIVE;
				CLANG_WARN_UNREACHABLE_CODE = YES;
				CLANG_WARN__DUPLICATE_METHOD_MATCH = YES;
				COPY_PHASE_STRIP = NO;
				DEBUG_INFORMATION_FORMAT = "dwarf-with-dsym";
				ENABLE_NS_ASSERTIONS = NO;
				ENABLE_STRICT_OBJC_MSGSEND = YES;
				GCC_C_LANGUAGE_STANDARD = gnu11;
				GCC_NO_COMMON_BLOCKS = YES;
				GCC_WARN_64_TO_32_BIT_CONVERSION = YES;
				GCC_WARN_ABOUT_RETURN_TYPE = YES_ERROR;
				GCC_WARN_UNDECLARED_SELECTOR = YES;
				GCC_WARN_UNINITIALIZED_AUTOS = YES_AGGRESSIVE;
				GCC_WARN_UNUSED_FUNCTION = YES;
				GCC_WARN_UNUSED_VARIABLE = YES;
				IPHONEOS_DEPLOYMENT_TARGET = 16.4;
				MTL_ENABLE_DEBUG_INFO = NO;
				MTL_FAST_MATH = YES;
				SDKROOT = iphoneos;
				SWIFT_COMPILATION_MODE = wholemodule;
				SWIFT_OPTIMIZATION_LEVEL = "-O";
				VALIDATE_PRODUCT = YES;
			};
			name = Release;
		};
		D742847929DC7E9E0025124B /* Debug */ = {
			isa = XCBuildConfiguration;
			baseConfigurationReference = 82E82D88DB1C410843331552 /* Pods-UberTutorial.debug.xcconfig */;
			buildSettings = {
				ASSETCATALOG_COMPILER_APPICON_NAME = AppIcon;
				ASSETCATALOG_COMPILER_GLOBAL_ACCENT_COLOR_NAME = AccentColor;
				CODE_SIGN_STYLE = Automatic;
				CURRENT_PROJECT_VERSION = 1;
				DEVELOPMENT_TEAM = AK73S735TN;
				GENERATE_INFOPLIST_FILE = YES;
				INFOPLIST_FILE = UberTutorial/Info.plist;
				INFOPLIST_KEY_UIApplicationSupportsIndirectInputEvents = YES;
				INFOPLIST_KEY_UILaunchStoryboardName = LaunchScreen;
				INFOPLIST_KEY_UIMainStoryboardFile = Main;
				INFOPLIST_KEY_UISupportedInterfaceOrientations_iPad = "UIInterfaceOrientationPortrait UIInterfaceOrientationPortraitUpsideDown UIInterfaceOrientationLandscapeLeft UIInterfaceOrientationLandscapeRight";
				INFOPLIST_KEY_UISupportedInterfaceOrientations_iPhone = "UIInterfaceOrientationPortrait UIInterfaceOrientationLandscapeLeft UIInterfaceOrientationLandscapeRight";
				LD_RUNPATH_SEARCH_PATHS = (
					"$(inherited)",
					"@executable_path/Frameworks",
				);
				MARKETING_VERSION = 1.0;
				PRODUCT_BUNDLE_IDENTIFIER = dogan.UberTutorial;
				PRODUCT_NAME = "$(TARGET_NAME)";
				SWIFT_EMIT_LOC_STRINGS = YES;
				SWIFT_VERSION = 5.0;
				TARGETED_DEVICE_FAMILY = "1,2";
			};
			name = Debug;
		};
		D742847A29DC7E9E0025124B /* Release */ = {
			isa = XCBuildConfiguration;
			baseConfigurationReference = 05844AEAC178487F592D7C23 /* Pods-UberTutorial.release.xcconfig */;
			buildSettings = {
				ASSETCATALOG_COMPILER_APPICON_NAME = AppIcon;
				ASSETCATALOG_COMPILER_GLOBAL_ACCENT_COLOR_NAME = AccentColor;
				CODE_SIGN_STYLE = Automatic;
				CURRENT_PROJECT_VERSION = 1;
				DEVELOPMENT_TEAM = AK73S735TN;
				GENERATE_INFOPLIST_FILE = YES;
				INFOPLIST_FILE = UberTutorial/Info.plist;
				INFOPLIST_KEY_UIApplicationSupportsIndirectInputEvents = YES;
				INFOPLIST_KEY_UILaunchStoryboardName = LaunchScreen;
				INFOPLIST_KEY_UIMainStoryboardFile = Main;
				INFOPLIST_KEY_UISupportedInterfaceOrientations_iPad = "UIInterfaceOrientationPortrait UIInterfaceOrientationPortraitUpsideDown UIInterfaceOrientationLandscapeLeft UIInterfaceOrientationLandscapeRight";
				INFOPLIST_KEY_UISupportedInterfaceOrientations_iPhone = "UIInterfaceOrientationPortrait UIInterfaceOrientationLandscapeLeft UIInterfaceOrientationLandscapeRight";
				LD_RUNPATH_SEARCH_PATHS = (
					"$(inherited)",
					"@executable_path/Frameworks",
				);
				MARKETING_VERSION = 1.0;
				PRODUCT_BUNDLE_IDENTIFIER = dogan.UberTutorial;
				PRODUCT_NAME = "$(TARGET_NAME)";
				SWIFT_EMIT_LOC_STRINGS = YES;
				SWIFT_VERSION = 5.0;
				TARGETED_DEVICE_FAMILY = "1,2";
			};
			name = Release;
		};
/* End XCBuildConfiguration section */

/* Begin XCConfigurationList section */
		D742845F29DC7E9D0025124B /* Build configuration list for PBXProject "UberTutorial" */ = {
			isa = XCConfigurationList;
			buildConfigurations = (
				D742847629DC7E9E0025124B /* Debug */,
				D742847729DC7E9E0025124B /* Release */,
			);
			defaultConfigurationIsVisible = 0;
			defaultConfigurationName = Release;
		};
		D742847829DC7E9E0025124B /* Build configuration list for PBXNativeTarget "UberTutorial" */ = {
			isa = XCConfigurationList;
			buildConfigurations = (
				D742847929DC7E9E0025124B /* Debug */,
				D742847A29DC7E9E0025124B /* Release */,
			);
			defaultConfigurationIsVisible = 0;
			defaultConfigurationName = Release;
		};
/* End XCConfigurationList section */
	};
	rootObject = D742845C29DC7E9D0025124B /* Project object */;
}
